
Microsoft Visual Studio Solution File, Format Version 12.00
# Visual Studio 2013
VisualStudioVersion = 12.0.31101.0
MinimumVisualStudioVersion = 10.0.40219.1
Project("{2150E333-8FDC-42A3-9474-1A3956D46DE8}") = ".nuget", ".nuget", "{539E32E0-4916-4189-AE2E-40293434D1B5}"
	ProjectSection(SolutionItems) = preProject
		.nuget\NuGet.exe = .nuget\NuGet.exe
		.nuget\NuGet.targets = .nuget\NuGet.targets
	EndProjectSection
EndProject
Project("{FAE04EC0-301F-11D3-BF4B-00C04F79EFBC}") = "Demo.Infra.IoC", "Demo.Infra.IoC\Demo.Infra.IoC.csproj", "{C0CF2703-B202-4F9F-9863-D71E89FAC0A9}"
EndProject
Project("{FAE04EC0-301F-11D3-BF4B-00C04F79EFBC}") = "Demo.Infra.Repositorio", "Demo.Infra.Repositorio\Demo.Infra.Repositorio.csproj", "{3FADEB9F-F965-4F2E-BD24-1BB5619714FD}"
EndProject
Project("{FAE04EC0-301F-11D3-BF4B-00C04F79EFBC}") = "Demo.Aplicacao", "Demo.Aplicacao\Demo.Aplicacao.csproj", "{2F778181-7C3F-4DE8-8F5B-E879D9AC37C5}"
EndProject
Project("{FAE04EC0-301F-11D3-BF4B-00C04F79EFBC}") = "Demo.Dominio", "Demo.Dominio\Demo.Dominio.csproj", "{9342C7B5-495A-4B24-BB67-E0B0DAC59BE6}"
EndProject
Project("{FAE04EC0-301F-11D3-BF4B-00C04F79EFBC}") = "Demo.Aplicacao.Testes", "Demo.Aplicacao.Testes\Demo.Aplicacao.Testes.csproj", "{C0E56600-CE22-48DA-B376-BC2F13E851AE}"
EndProject
Project("{FAE04EC0-301F-11D3-BF4B-00C04F79EFBC}") = "Demo.Dominio.Testes", "Demo.Dominio.Testes\Demo.Dominio.Testes.csproj", "{FCE57657-BF36-4BF2-9CD8-654E88A23685}"
EndProject
Project("{FAE04EC0-301F-11D3-BF4B-00C04F79EFBC}") = "Demo.UI.Mvc.Testes", "Demo.UI.Testes\Demo.UI.Mvc.Testes.csproj", "{2FA6A4D7-46E3-4F1F-98F9-321713664419}"
EndProject
Project("{2150E333-8FDC-42A3-9474-1A3956D46DE8}") = "Dominio", "Dominio", "{906708EA-964E-4738-990B-59BE13F22D0B}"
EndProject
Project("{2150E333-8FDC-42A3-9474-1A3956D46DE8}") = "Aplicação", "Aplicação", "{4E24489C-BA34-4A50-9BDE-8EBD090A69C6}"
EndProject
Project("{2150E333-8FDC-42A3-9474-1A3956D46DE8}") = "Infraestrutura", "Infraestrutura", "{8830CB9B-EEB6-4268-934B-A4AAC19ACEE4}"
EndProject
Project("{2150E333-8FDC-42A3-9474-1A3956D46DE8}") = "UI", "UI", "{1FAE1091-0380-4E54-A184-CB3AA2C613CC}"
EndProject
Project("{FAE04EC0-301F-11D3-BF4B-00C04F79EFBC}") = "Demo.UI.Mvc", "Demo.UI.Mvc\Demo.UI.Mvc.csproj", "{F6E0A5F5-3172-4624-9A9B-A1A906E6BD69}"
EndProject
Global
	GlobalSection(SolutionConfigurationPlatforms) = preSolution
		Debug|Any CPU = Debug|Any CPU
		Producao|Any CPU = Producao|Any CPU
		Release|Any CPU = Release|Any CPU
	EndGlobalSection
	GlobalSection(ProjectConfigurationPlatforms) = postSolution
		{C0CF2703-B202-4F9F-9863-D71E89FAC0A9}.Debug|Any CPU.ActiveCfg = Debug|Any CPU
		{C0CF2703-B202-4F9F-9863-D71E89FAC0A9}.Debug|Any CPU.Build.0 = Debug|Any CPU
		{C0CF2703-B202-4F9F-9863-D71E89FAC0A9}.Producao|Any CPU.ActiveCfg = Producao|Any CPU
		{C0CF2703-B202-4F9F-9863-D71E89FAC0A9}.Producao|Any CPU.Build.0 = Producao|Any CPU
		{C0CF2703-B202-4F9F-9863-D71E89FAC0A9}.Release|Any CPU.ActiveCfg = Release|Any CPU
		{C0CF2703-B202-4F9F-9863-D71E89FAC0A9}.Release|Any CPU.Build.0 = Release|Any CPU
		{3FADEB9F-F965-4F2E-BD24-1BB5619714FD}.Debug|Any CPU.ActiveCfg = Debug|Any CPU
		{3FADEB9F-F965-4F2E-BD24-1BB5619714FD}.Debug|Any CPU.Build.0 = Debug|Any CPU
		{3FADEB9F-F965-4F2E-BD24-1BB5619714FD}.Producao|Any CPU.ActiveCfg = Producao|Any CPU
		{3FADEB9F-F965-4F2E-BD24-1BB5619714FD}.Producao|Any CPU.Build.0 = Producao|Any CPU
		{3FADEB9F-F965-4F2E-BD24-1BB5619714FD}.Release|Any CPU.ActiveCfg = Release|Any CPU
		{3FADEB9F-F965-4F2E-BD24-1BB5619714FD}.Release|Any CPU.Build.0 = Release|Any CPU
		{2F778181-7C3F-4DE8-8F5B-E879D9AC37C5}.Debug|Any CPU.ActiveCfg = Debug|Any CPU
		{2F778181-7C3F-4DE8-8F5B-E879D9AC37C5}.Debug|Any CPU.Build.0 = Debug|Any CPU
		{2F778181-7C3F-4DE8-8F5B-E879D9AC37C5}.Producao|Any CPU.ActiveCfg = Producao|Any CPU
		{2F778181-7C3F-4DE8-8F5B-E879D9AC37C5}.Producao|Any CPU.Build.0 = Producao|Any CPU
		{2F778181-7C3F-4DE8-8F5B-E879D9AC37C5}.Release|Any CPU.ActiveCfg = Release|Any CPU
		{2F778181-7C3F-4DE8-8F5B-E879D9AC37C5}.Release|Any CPU.Build.0 = Release|Any CPU
		{9342C7B5-495A-4B24-BB67-E0B0DAC59BE6}.Debug|Any CPU.ActiveCfg = Debug|Any CPU
		{9342C7B5-495A-4B24-BB67-E0B0DAC59BE6}.Debug|Any CPU.Build.0 = Debug|Any CPU
		{9342C7B5-495A-4B24-BB67-E0B0DAC59BE6}.Producao|Any CPU.ActiveCfg = Producao|Any CPU
		{9342C7B5-495A-4B24-BB67-E0B0DAC59BE6}.Producao|Any CPU.Build.0 = Producao|Any CPU
		{9342C7B5-495A-4B24-BB67-E0B0DAC59BE6}.Release|Any CPU.ActiveCfg = Release|Any CPU
		{9342C7B5-495A-4B24-BB67-E0B0DAC59BE6}.Release|Any CPU.Build.0 = Release|Any CPU
		{C0E56600-CE22-48DA-B376-BC2F13E851AE}.Debug|Any CPU.ActiveCfg = Debug|Any CPU
		{C0E56600-CE22-48DA-B376-BC2F13E851AE}.Debug|Any CPU.Build.0 = Debug|Any CPU
		{C0E56600-CE22-48DA-B376-BC2F13E851AE}.Producao|Any CPU.ActiveCfg = Producao|Any CPU
		{C0E56600-CE22-48DA-B376-BC2F13E851AE}.Producao|Any CPU.Build.0 = Producao|Any CPU
		{C0E56600-CE22-48DA-B376-BC2F13E851AE}.Release|Any CPU.ActiveCfg = Release|Any CPU
		{C0E56600-CE22-48DA-B376-BC2F13E851AE}.Release|Any CPU.Build.0 = Release|Any CPU
		{FCE57657-BF36-4BF2-9CD8-654E88A23685}.Debug|Any CPU.ActiveCfg = Debug|Any CPU
		{FCE57657-BF36-4BF2-9CD8-654E88A23685}.Debug|Any CPU.Build.0 = Debug|Any CPU
		{FCE57657-BF36-4BF2-9CD8-654E88A23685}.Producao|Any CPU.ActiveCfg = Producao|Any CPU
		{FCE57657-BF36-4BF2-9CD8-654E88A23685}.Producao|Any CPU.Build.0 = Producao|Any CPU
		{FCE57657-BF36-4BF2-9CD8-654E88A23685}.Release|Any CPU.ActiveCfg = Release|Any CPU
		{FCE57657-BF36-4BF2-9CD8-654E88A23685}.Release|Any CPU.Build.0 = Release|Any CPU
		{2FA6A4D7-46E3-4F1F-98F9-321713664419}.Debug|Any CPU.ActiveCfg = Debug|Any CPU
		{2FA6A4D7-46E3-4F1F-98F9-321713664419}.Debug|Any CPU.Build.0 = Debug|Any CPU
		{2FA6A4D7-46E3-4F1F-98F9-321713664419}.Producao|Any CPU.ActiveCfg = Producao|Any CPU
		{2FA6A4D7-46E3-4F1F-98F9-321713664419}.Producao|Any CPU.Build.0 = Producao|Any CPU
		{2FA6A4D7-46E3-4F1F-98F9-321713664419}.Release|Any CPU.ActiveCfg = Release|Any CPU
		{2FA6A4D7-46E3-4F1F-98F9-321713664419}.Release|Any CPU.Build.0 = Release|Any CPU
		{F6E0A5F5-3172-4624-9A9B-A1A906E6BD69}.Debug|Any CPU.ActiveCfg = Debug|Any CPU
		{F6E0A5F5-3172-4624-9A9B-A1A906E6BD69}.Debug|Any CPU.Build.0 = Debug|Any CPU
		{F6E0A5F5-3172-4624-9A9B-A1A906E6BD69}.Producao|Any CPU.ActiveCfg = Release|Any CPU
		{F6E0A5F5-3172-4624-9A9B-A1A906E6BD69}.Producao|Any CPU.Build.0 = Release|Any CPU
		{F6E0A5F5-3172-4624-9A9B-A1A906E6BD69}.Release|Any CPU.ActiveCfg = Release|Any CPU
		{F6E0A5F5-3172-4624-9A9B-A1A906E6BD69}.Release|Any CPU.Build.0 = Release|Any CPU
	EndGlobalSection
	GlobalSection(SolutionProperties) = preSolution
		HideSolutionNode = FALSE
	EndGlobalSection
	GlobalSection(NestedProjects) = preSolution
		{C0CF2703-B202-4F9F-9863-D71E89FAC0A9} = {8830CB9B-EEB6-4268-934B-A4AAC19ACEE4}
		{3FADEB9F-F965-4F2E-BD24-1BB5619714FD} = {8830CB9B-EEB6-4268-934B-A4AAC19ACEE4}
		{2F778181-7C3F-4DE8-8F5B-E879D9AC37C5} = {4E24489C-BA34-4A50-9BDE-8EBD090A69C6}
		{9342C7B5-495A-4B24-BB67-E0B0DAC59BE6} = {906708EA-964E-4738-990B-59BE13F22D0B}
		{C0E56600-CE22-48DA-B376-BC2F13E851AE} = {4E24489C-BA34-4A50-9BDE-8EBD090A69C6}
		{FCE57657-BF36-4BF2-9CD8-654E88A23685} = {906708EA-964E-4738-990B-59BE13F22D0B}
		{2FA6A4D7-46E3-4F1F-98F9-321713664419} = {1FAE1091-0380-4E54-A184-CB3AA2C613CC}
		{F6E0A5F5-3172-4624-9A9B-A1A906E6BD69} = {1FAE1091-0380-4E54-A184-CB3AA2C613CC}
	EndGlobalSection
	GlobalSection(TestCaseManagementSettings) = postSolution
		CategoryFile = DemoMVC.vsmdi
	EndGlobalSection
EndGlobal
